{
  "name": "apcupsd-3.14.14",
  "lockfileVersion": 3,
  "requires": true,
  "packages": {
    "": {
      "dependencies": {
        "apc-ups-broker": "^1.0.2"
      }
    },
    "node_modules/apc-ups-broker": {
      "version": "1.0.2",
      "resolved": "https://registry.npmjs.org/apc-ups-broker/-/apc-ups-broker-1.0.2.tgz",
      "integrity": "sha512-0uSlFOpL6xo/+ARhNQKJM3nuWCW+zt8A2Zgfz4jsLBz5KPJc0763CwGzm4Fg1zKypDIL+3bjw+pl9PqN9BZeIg=="
    }
  }
}
